
Microsoft Visual Studio Solution File, Format Version 12.00
# Visual Studio Version 16
VisualStudioVersion = 16.0.29424.173
MinimumVisualStudioVersion = 10.0.40219.1
Project("{9A19103F-16F7-4668-BE54-9A1E7A4F7556}") = "Web", "Web\Web.csproj", "{61758FC7-E693-4092-95C5-218348FCA434}"
EndProject
Project("{9A19103F-16F7-4668-BE54-9A1E7A4F7556}") = "Infrastructure", "Infrastructure\Infrastructure.csproj", "{E79077F7-C928-4FB6-8054-E5A30B7B3834}"
EndProject
Project("{9A19103F-16F7-4668-BE54-9A1E7A4F7556}") = "Core", "Core\Core.csproj", "{88D0CE20-9B9E-4A20-9D9F-EA0251248A0F}"
EndProject
Project("{2150E333-8FDC-42A3-9474-1A3956D46DE8}") = "Solution Items", "Solution Items", "{D6A8BF14-766B-41C7-9A87-E7ABAFBB4323}"
	ProjectSection(SolutionItems) = preProject
		README.md = README.md
	EndProjectSection
EndProject
Global
	GlobalSection(SolutionConfigurationPlatforms) = preSolution
		Debug|Any CPU = Debug|Any CPU
		Release|Any CPU = Release|Any CPU
	EndGlobalSection
	GlobalSection(ProjectConfigurationPlatforms) = postSolution
		{61758FC7-E693-4092-95C5-218348FCA434}.Debug|Any CPU.ActiveCfg = Debug|Any CPU
		{61758FC7-E693-4092-95C5-218348FCA434}.Debug|Any CPU.Build.0 = Debug|Any CPU
		{61758FC7-E693-4092-95C5-218348FCA434}.Release|Any CPU.ActiveCfg = Release|Any CPU
		{61758FC7-E693-4092-95C5-218348FCA434}.Release|Any CPU.Build.0 = Release|Any CPU
		{E79077F7-C928-4FB6-8054-E5A30B7B3834}.Debug|Any CPU.ActiveCfg = Debug|Any CPU
		{E79077F7-C928-4FB6-8054-E5A30B7B3834}.Debug|Any CPU.Build.0 = Debug|Any CPU
		{E79077F7-C928-4FB6-8054-E5A30B7B3834}.Release|Any CPU.ActiveCfg = Release|Any CPU
		{E79077F7-C928-4FB6-8054-E5A30B7B3834}.Release|Any CPU.Build.0 = Release|Any CPU
		{88D0CE20-9B9E-4A20-9D9F-EA0251248A0F}.Debug|Any CPU.ActiveCfg = Debug|Any CPU
		{88D0CE20-9B9E-4A20-9D9F-EA0251248A0F}.Debug|Any CPU.Build.0 = Debug|Any CPU
		{88D0CE20-9B9E-4A20-9D9F-EA0251248A0F}.Release|Any CPU.ActiveCfg = Release|Any CPU
		{88D0CE20-9B9E-4A20-9D9F-EA0251248A0F}.Release|Any CPU.Build.0 = Release|Any CPU
	EndGlobalSection
	GlobalSection(SolutionProperties) = preSolution
		HideSolutionNode = FALSE
	EndGlobalSection
	GlobalSection(ExtensibilityGlobals) = postSolution
		SolutionGuid = {BBC0CFCF-1135-4C8D-8522-FC6238C4DD10}
	EndGlobalSection
EndGlobal
